// !$*UTF8*$!
{
	archiveVersion = 1;
	classes = {
	};
	objectVersion = 55;
	objects = {

/* Begin PBXBuildFile section */
		ED090C24273EFE2200229961 /* MovieDetailsRow.swift in Sources */ = {isa = PBXBuildFile; fileRef = ED090C23273EFE2200229961 /* MovieDetailsRow.swift */; };
		ED090C26273F0C9200229961 /* MovieSynopsisRow.swift in Sources */ = {isa = PBXBuildFile; fileRef = ED090C25273F0C9200229961 /* MovieSynopsisRow.swift */; };
		ED090C28273F241900229961 /* MovieCastRow.swift in Sources */ = {isa = PBXBuildFile; fileRef = ED090C27273F241900229961 /* MovieCastRow.swift */; };
		ED297E7B2731BDBC00C3448D /* MyMoviesAppApp.swift in Sources */ = {isa = PBXBuildFile; fileRef = ED297E7A2731BDBC00C3448D /* MyMoviesAppApp.swift */; };
		ED297E7F2731BDBD00C3448D /* Assets.xcassets in Resources */ = {isa = PBXBuildFile; fileRef = ED297E7E2731BDBD00C3448D /* Assets.xcassets */; };
		ED297E822731BDBD00C3448D /* Preview Assets.xcassets in Resources */ = {isa = PBXBuildFile; fileRef = ED297E812731BDBD00C3448D /* Preview Assets.xcassets */; };
		ED297E872731BDBD00C3448D /* MyMoviesApp.xcdatamodeld in Sources */ = {isa = PBXBuildFile; fileRef = ED297E852731BDBD00C3448D /* MyMoviesApp.xcdatamodeld */; };
		ED297E912731BDBD00C3448D /* MyMoviesAppTests.swift in Sources */ = {isa = PBXBuildFile; fileRef = ED297E902731BDBD00C3448D /* MyMoviesAppTests.swift */; };
		ED297E9B2731BDBD00C3448D /* MyMoviesAppUITests.swift in Sources */ = {isa = PBXBuildFile; fileRef = ED297E9A2731BDBD00C3448D /* MyMoviesAppUITests.swift */; };
		ED297E9D2731BDBD00C3448D /* MyMoviesAppUITestsLaunchTests.swift in Sources */ = {isa = PBXBuildFile; fileRef = ED297E9C2731BDBD00C3448D /* MyMoviesAppUITestsLaunchTests.swift */; };
		ED297EAC2731C06700C3448D /* InitialView.swift in Sources */ = {isa = PBXBuildFile; fileRef = ED297EAB2731C06700C3448D /* InitialView.swift */; };
		ED297EB22731C3DA00C3448D /* HomeView.swift in Sources */ = {isa = PBXBuildFile; fileRef = ED297EB12731C3DA00C3448D /* HomeView.swift */; };
		ED297EB42731C3E500C3448D /* SearchView.swift in Sources */ = {isa = PBXBuildFile; fileRef = ED297EB32731C3E500C3448D /* SearchView.swift */; };
		ED297EB62731C3F200C3448D /* LibraryView.swift in Sources */ = {isa = PBXBuildFile; fileRef = ED297EB52731C3F200C3448D /* LibraryView.swift */; };
		ED297EB82731C40500C3448D /* SettingsView.swift in Sources */ = {isa = PBXBuildFile; fileRef = ED297EB72731C40500C3448D /* SettingsView.swift */; };
		ED297EBD2731CB5600C3448D /* .gitignore in Resources */ = {isa = PBXBuildFile; fileRef = ED297EBC2731CB5600C3448D /* .gitignore */; };
		ED297EC02731CEF300C3448D /* MovieSearchResponse.swift in Sources */ = {isa = PBXBuildFile; fileRef = ED297EBF2731CEF300C3448D /* MovieSearchResponse.swift */; };
		ED297EC52731F3FF00C3448D /* SearchRow.swift in Sources */ = {isa = PBXBuildFile; fileRef = ED297EC42731F3FF00C3448D /* SearchRow.swift */; };
		ED2C89C2273E410A00A82D54 /* ZeroRating.swift in Sources */ = {isa = PBXBuildFile; fileRef = ED2C89C1273E410A00A82D54 /* ZeroRating.swift */; };
		ED2C89C4273E434D00A82D54 /* ZeroFiveRating.swift in Sources */ = {isa = PBXBuildFile; fileRef = ED2C89C3273E434D00A82D54 /* ZeroFiveRating.swift */; };
		ED2C89C6273E447F00A82D54 /* OneRating.swift in Sources */ = {isa = PBXBuildFile; fileRef = ED2C89C5273E447F00A82D54 /* OneRating.swift */; };
		ED2C89C8273E44CF00A82D54 /* OneFiveRating.swift in Sources */ = {isa = PBXBuildFile; fileRef = ED2C89C7273E44CF00A82D54 /* OneFiveRating.swift */; };
		ED2C89CA273E450700A82D54 /* TwoRating.swift in Sources */ = {isa = PBXBuildFile; fileRef = ED2C89C9273E450700A82D54 /* TwoRating.swift */; };
		ED2C89CC273E451C00A82D54 /* TwoFiveRating.swift in Sources */ = {isa = PBXBuildFile; fileRef = ED2C89CB273E451C00A82D54 /* TwoFiveRating.swift */; };
		ED2C89CE273E453A00A82D54 /* ThreeRating.swift in Sources */ = {isa = PBXBuildFile; fileRef = ED2C89CD273E453A00A82D54 /* ThreeRating.swift */; };
		ED2C89D0273E456000A82D54 /* ThreeFiveRating.swift in Sources */ = {isa = PBXBuildFile; fileRef = ED2C89CF273E456000A82D54 /* ThreeFiveRating.swift */; };
		ED2C89D2273E457A00A82D54 /* FourRating.swift in Sources */ = {isa = PBXBuildFile; fileRef = ED2C89D1273E457A00A82D54 /* FourRating.swift */; };
		ED2C89D4273E45A600A82D54 /* FourFiveRating.swift in Sources */ = {isa = PBXBuildFile; fileRef = ED2C89D3273E45A500A82D54 /* FourFiveRating.swift */; };
		ED2C89D6273E45C200A82D54 /* FiveRating.swift in Sources */ = {isa = PBXBuildFile; fileRef = ED2C89D5273E45C200A82D54 /* FiveRating.swift */; };
		ED2EEC09274490B100D17EE9 /* UpdateMovieEntryView.swift in Sources */ = {isa = PBXBuildFile; fileRef = ED2EEC08274490B100D17EE9 /* UpdateMovieEntryView.swift */; };
		ED2EEC0D2744D24100D17EE9 /* CoreDataManager.swift in Sources */ = {isa = PBXBuildFile; fileRef = ED2EEC0C2744D24100D17EE9 /* CoreDataManager.swift */; };
		ED2EEC0F2744EA4B00D17EE9 /* LibraryCollectionViewModel.swift in Sources */ = {isa = PBXBuildFile; fileRef = ED2EEC0E2744EA4B00D17EE9 /* LibraryCollectionViewModel.swift */; };
		ED2EEC112744ED5900D17EE9 /* UnwatchedMoviesViewModel.swift in Sources */ = {isa = PBXBuildFile; fileRef = ED2EEC102744ED5900D17EE9 /* UnwatchedMoviesViewModel.swift */; };
		ED3138BD273E186000B74517 /* MovieDetailsViewModel.swift in Sources */ = {isa = PBXBuildFile; fileRef = ED3138BC273E186000B74517 /* MovieDetailsViewModel.swift */; };
		ED3992A4273226D000DC1E99 /* GenreResponse.swift in Sources */ = {isa = PBXBuildFile; fileRef = ED3992A3273226D000DC1E99 /* GenreResponse.swift */; };
		ED3992A6273226EB00DC1E99 /* ProductionResponse.swift in Sources */ = {isa = PBXBuildFile; fileRef = ED3992A5273226EB00DC1E99 /* ProductionResponse.swift */; };
		ED3992A82732271D00DC1E99 /* LanguageResponse.swift in Sources */ = {isa = PBXBuildFile; fileRef = ED3992A72732271D00DC1E99 /* LanguageResponse.swift */; };
		ED3992AB27322EEA00DC1E99 /* README.md in Resources */ = {isa = PBXBuildFile; fileRef = ED3992AA27322EEA00DC1E99 /* README.md */; };
		ED3A97E0273861AB0092E7C3 /* HomePopularMoviesView.swift in Sources */ = {isa = PBXBuildFile; fileRef = ED3A97DF273861AB0092E7C3 /* HomePopularMoviesView.swift */; };
		ED3A97E2273867A00092E7C3 /* NowPlayingResponse.swift in Sources */ = {isa = PBXBuildFile; fileRef = ED3A97E1273867A00092E7C3 /* NowPlayingResponse.swift */; };
		ED3DA7DD2733106400948F94 /* MovieDetailsView.swift in Sources */ = {isa = PBXBuildFile; fileRef = ED3DA7DC2733106400948F94 /* MovieDetailsView.swift */; };
		ED3DA7E02733231000948F94 /* MovieDetailsDescriptionView.swift in Sources */ = {isa = PBXBuildFile; fileRef = ED3DA7DF2733231000948F94 /* MovieDetailsDescriptionView.swift */; };
		ED3DA7E227332A1100948F94 /* MovieImageDescriptionView.swift in Sources */ = {isa = PBXBuildFile; fileRef = ED3DA7E127332A1100948F94 /* MovieImageDescriptionView.swift */; };
		ED3DA7E42733548700948F94 /* CastCrewResponse.swift in Sources */ = {isa = PBXBuildFile; fileRef = ED3DA7E32733548700948F94 /* CastCrewResponse.swift */; };
		ED3DA7E6273366A300948F94 /* MovieReccomendationsView.swift in Sources */ = {isa = PBXBuildFile; fileRef = ED3DA7E5273366A300948F94 /* MovieReccomendationsView.swift */; };
		ED3DE3E82740755800BF764C /* LibraryCollectionsView.swift in Sources */ = {isa = PBXBuildFile; fileRef = ED3DE3E72740755800BF764C /* LibraryCollectionsView.swift */; };
		ED3DE3EA27408AA500BF764C /* UnwatchedMovieRow.swift in Sources */ = {isa = PBXBuildFile; fileRef = ED3DE3E927408AA500BF764C /* UnwatchedMovieRow.swift */; };
		ED40BDAE2741E27F00CC1506 /* HomeViewModel.swift in Sources */ = {isa = PBXBuildFile; fileRef = ED40BDAD2741E27F00CC1506 /* HomeViewModel.swift */; };
		ED40BDB12741E60A00CC1506 /* NowPlayingViewModel.swift in Sources */ = {isa = PBXBuildFile; fileRef = ED40BDB02741E60A00CC1506 /* NowPlayingViewModel.swift */; };
		ED40BDB32741ED5A00CC1506 /* HomeNowPlayingView.swift in Sources */ = {isa = PBXBuildFile; fileRef = ED40BDB22741ED5A00CC1506 /* HomeNowPlayingView.swift */; };
		ED40BDB52741F4A900CC1506 /* UpcomingViewModel.swift in Sources */ = {isa = PBXBuildFile; fileRef = ED40BDB42741F4A900CC1506 /* UpcomingViewModel.swift */; };
		ED40BDB72741F75400CC1506 /* HomeUpcomingMoviesView.swift in Sources */ = {isa = PBXBuildFile; fileRef = ED40BDB62741F75400CC1506 /* HomeUpcomingMoviesView.swift */; };
		ED40BDB92742004F00CC1506 /* PopularMoviesViewModel.swift in Sources */ = {isa = PBXBuildFile; fileRef = ED40BDB82742004F00CC1506 /* PopularMoviesViewModel.swift */; };
		ED40BDBB2742042900CC1506 /* TopRatedViewModel.swift in Sources */ = {isa = PBXBuildFile; fileRef = ED40BDBA2742042900CC1506 /* TopRatedViewModel.swift */; };
		ED40BDBD2742058E00CC1506 /* HomeTopRatedMoviesView.swift in Sources */ = {isa = PBXBuildFile; fileRef = ED40BDBC2742058E00CC1506 /* HomeTopRatedMoviesView.swift */; };
		ED40BDBF2744481A00CC1506 /* MovieReccomendationsViewModel.swift in Sources */ = {isa = PBXBuildFile; fileRef = ED40BDBE2744481A00CC1506 /* MovieReccomendationsViewModel.swift */; };
		ED40BDC12744529700CC1506 /* MovieReviewViewModel.swift in Sources */ = {isa = PBXBuildFile; fileRef = ED40BDC02744529700CC1506 /* MovieReviewViewModel.swift */; };
		ED40BDC3274455D100CC1506 /* MovieReviewsView.swift in Sources */ = {isa = PBXBuildFile; fileRef = ED40BDC2274455D100CC1506 /* MovieReviewsView.swift */; };
		ED42D2AF275AA324005E63C9 /* SettingsUsageView.swift in Sources */ = {isa = PBXBuildFile; fileRef = ED42D2AE275AA324005E63C9 /* SettingsUsageView.swift */; };
		ED43184F273F3F35003A8CAB /* MovieReviewResponse.swift in Sources */ = {isa = PBXBuildFile; fileRef = ED43184E273F3F35003A8CAB /* MovieReviewResponse.swift */; };
		ED431853273F41D0003A8CAB /* MoviesReviewRow.swift in Sources */ = {isa = PBXBuildFile; fileRef = ED431852273F41D0003A8CAB /* MoviesReviewRow.swift */; };
		ED431855273F4832003A8CAB /* MovieVideoResponse.swift in Sources */ = {isa = PBXBuildFile; fileRef = ED431854273F4832003A8CAB /* MovieVideoResponse.swift */; };
		EDA098A1273DEFD2003C06C3 /* SearchViewModel.swift in Sources */ = {isa = PBXBuildFile; fileRef = EDA098A0273DEFD2003C06C3 /* SearchViewModel.swift */; };
		EDCA9AEB274612690093CB50 /* WatchedMoviesViewModel.swift in Sources */ = {isa = PBXBuildFile; fileRef = EDCA9AEA274612690093CB50 /* WatchedMoviesViewModel.swift */; };
		EDCA9AED274612B90093CB50 /* WatchedMoviesCollectionView.swift in Sources */ = {isa = PBXBuildFile; fileRef = EDCA9AEC274612B90093CB50 /* WatchedMoviesCollectionView.swift */; };
		EDCA9AEF274616C40093CB50 /* LibraryWatchedRow.swift in Sources */ = {isa = PBXBuildFile; fileRef = EDCA9AEE274616C40093CB50 /* LibraryWatchedRow.swift */; };
		EDCA9AF127462A480093CB50 /* AcknowledgementView.swift in Sources */ = {isa = PBXBuildFile; fileRef = EDCA9AF027462A480093CB50 /* AcknowledgementView.swift */; };
		EDCF2B08275866CF007114BD /* LibraryUnwatchedRow.swift in Sources */ = {isa = PBXBuildFile; fileRef = EDCF2B07275866CF007114BD /* LibraryUnwatchedRow.swift */; };
		EDF9D09D275A8DA800E00892 /* HomeRowView.swift in Sources */ = {isa = PBXBuildFile; fileRef = EDF9D09C275A8DA800E00892 /* HomeRowView.swift */; };
		EDF9D09F275A90C700E00892 /* Constants.swift in Sources */ = {isa = PBXBuildFile; fileRef = EDF9D09E275A90C700E00892 /* Constants.swift */; };
		EDF9D0A3275A9A6900E00892 /* HomeEmptyRowView.swift in Sources */ = {isa = PBXBuildFile; fileRef = EDF9D0A2275A9A6900E00892 /* HomeEmptyRowView.swift */; };
		EDF9D0A5275A9FE200E00892 /* AboutDeveloperView.swift in Sources */ = {isa = PBXBuildFile; fileRef = EDF9D0A4275A9FE200E00892 /* AboutDeveloperView.swift */; };
		EDFF852D2735C38B00CE1540 /* Kingfisher in Frameworks */ = {isa = PBXBuildFile; productRef = EDFF852C2735C38B00CE1540 /* Kingfisher */; };
/* End PBXBuildFile section */

/* Begin PBXContainerItemProxy section */
		ED297E8D2731BDBD00C3448D /* PBXContainerItemProxy */ = {
			isa = PBXContainerItemProxy;
			containerPortal = ED297E6F2731BDBC00C3448D /* Project object */;
			proxyType = 1;
			remoteGlobalIDString = ED297E762731BDBC00C3448D;
			remoteInfo = MyMoviesApp;
		};
		ED297E972731BDBD00C3448D /* PBXContainerItemProxy */ = {
			isa = PBXContainerItemProxy;
			containerPortal = ED297E6F2731BDBC00C3448D /* Project object */;
			proxyType = 1;
			remoteGlobalIDString = ED297E762731BDBC00C3448D;
			remoteInfo = MyMoviesApp;
		};
/* End PBXContainerItemProxy section */

/* Begin PBXFileReference section */
		ED090C23273EFE2200229961 /* MovieDetailsRow.swift */ = {isa = PBXFileReference; lastKnownFileType = sourcecode.swift; path = MovieDetailsRow.swift; sourceTree = "<group>"; };
		ED090C25273F0C9200229961 /* MovieSynopsisRow.swift */ = {isa = PBXFileReference; lastKnownFileType = sourcecode.swift; path = MovieSynopsisRow.swift; sourceTree = "<group>"; };
		ED090C27273F241900229961 /* MovieCastRow.swift */ = {isa = PBXFileReference; lastKnownFileType = sourcecode.swift; path = MovieCastRow.swift; sourceTree = "<group>"; };
		ED297E772731BDBC00C3448D /* MyMoviesApp.app */ = {isa = PBXFileReference; explicitFileType = wrapper.application; includeInIndex = 0; path = MyMoviesApp.app; sourceTree = BUILT_PRODUCTS_DIR; };
		ED297E7A2731BDBC00C3448D /* MyMoviesAppApp.swift */ = {isa = PBXFileReference; lastKnownFileType = sourcecode.swift; path = MyMoviesAppApp.swift; sourceTree = "<group>"; };
		ED297E7E2731BDBD00C3448D /* Assets.xcassets */ = {isa = PBXFileReference; lastKnownFileType = folder.assetcatalog; path = Assets.xcassets; sourceTree = "<group>"; };
		ED297E812731BDBD00C3448D /* Preview Assets.xcassets */ = {isa = PBXFileReference; lastKnownFileType = folder.assetcatalog; path = "Preview Assets.xcassets"; sourceTree = "<group>"; };
		ED297E862731BDBD00C3448D /* MyMoviesApp.xcdatamodel */ = {isa = PBXFileReference; lastKnownFileType = wrapper.xcdatamodel; path = MyMoviesApp.xcdatamodel; sourceTree = "<group>"; };
		ED297E8C2731BDBD00C3448D /* MyMoviesAppTests.xctest */ = {isa = PBXFileReference; explicitFileType = wrapper.cfbundle; includeInIndex = 0; path = MyMoviesAppTests.xctest; sourceTree = BUILT_PRODUCTS_DIR; };
		ED297E902731BDBD00C3448D /* MyMoviesAppTests.swift */ = {isa = PBXFileReference; lastKnownFileType = sourcecode.swift; path = MyMoviesAppTests.swift; sourceTree = "<group>"; };
		ED297E962731BDBD00C3448D /* MyMoviesAppUITests.xctest */ = {isa = PBXFileReference; explicitFileType = wrapper.cfbundle; includeInIndex = 0; path = MyMoviesAppUITests.xctest; sourceTree = BUILT_PRODUCTS_DIR; };
		ED297E9A2731BDBD00C3448D /* MyMoviesAppUITests.swift */ = {isa = PBXFileReference; lastKnownFileType = sourcecode.swift; path = MyMoviesAppUITests.swift; sourceTree = "<group>"; };
		ED297E9C2731BDBD00C3448D /* MyMoviesAppUITestsLaunchTests.swift */ = {isa = PBXFileReference; lastKnownFileType = sourcecode.swift; path = MyMoviesAppUITestsLaunchTests.swift; sourceTree = "<group>"; };
		ED297EAB2731C06700C3448D /* InitialView.swift */ = {isa = PBXFileReference; lastKnownFileType = sourcecode.swift; path = InitialView.swift; sourceTree = "<group>"; };
		ED297EB12731C3DA00C3448D /* HomeView.swift */ = {isa = PBXFileReference; lastKnownFileType = sourcecode.swift; path = HomeView.swift; sourceTree = "<group>"; };
		ED297EB32731C3E500C3448D /* SearchView.swift */ = {isa = PBXFileReference; lastKnownFileType = sourcecode.swift; path = SearchView.swift; sourceTree = "<group>"; };
		ED297EB52731C3F200C3448D /* LibraryView.swift */ = {isa = PBXFileReference; lastKnownFileType = sourcecode.swift; path = LibraryView.swift; sourceTree = "<group>"; };
		ED297EB72731C40500C3448D /* SettingsView.swift */ = {isa = PBXFileReference; lastKnownFileType = sourcecode.swift; path = SettingsView.swift; sourceTree = "<group>"; };
		ED297EBC2731CB5600C3448D /* .gitignore */ = {isa = PBXFileReference; lastKnownFileType = text; path = .gitignore; sourceTree = "<group>"; };
		ED297EBE2731CC3300C3448D /* Info.plist */ = {isa = PBXFileReference; lastKnownFileType = text.plist; path = Info.plist; sourceTree = "<group>"; };
		ED297EBF2731CEF300C3448D /* MovieSearchResponse.swift */ = {isa = PBXFileReference; lastKnownFileType = sourcecode.swift; path = MovieSearchResponse.swift; sourceTree = "<group>"; };
		ED297EC42731F3FF00C3448D /* SearchRow.swift */ = {isa = PBXFileReference; lastKnownFileType = sourcecode.swift; path = SearchRow.swift; sourceTree = "<group>"; };
		ED2C89C1273E410A00A82D54 /* ZeroRating.swift */ = {isa = PBXFileReference; lastKnownFileType = sourcecode.swift; path = ZeroRating.swift; sourceTree = "<group>"; };
		ED2C89C3273E434D00A82D54 /* ZeroFiveRating.swift */ = {isa = PBXFileReference; lastKnownFileType = sourcecode.swift; path = ZeroFiveRating.swift; sourceTree = "<group>"; };
		ED2C89C5273E447F00A82D54 /* OneRating.swift */ = {isa = PBXFileReference; lastKnownFileType = sourcecode.swift; path = OneRating.swift; sourceTree = "<group>"; };
		ED2C89C7273E44CF00A82D54 /* OneFiveRating.swift */ = {isa = PBXFileReference; lastKnownFileType = sourcecode.swift; path = OneFiveRating.swift; sourceTree = "<group>"; };
		ED2C89C9273E450700A82D54 /* TwoRating.swift */ = {isa = PBXFileReference; lastKnownFileType = sourcecode.swift; path = TwoRating.swift; sourceTree = "<group>"; };
		ED2C89CB273E451C00A82D54 /* TwoFiveRating.swift */ = {isa = PBXFileReference; lastKnownFileType = sourcecode.swift; path = TwoFiveRating.swift; sourceTree = "<group>"; };
		ED2C89CD273E453A00A82D54 /* ThreeRating.swift */ = {isa = PBXFileReference; lastKnownFileType = sourcecode.swift; path = ThreeRating.swift; sourceTree = "<group>"; };
		ED2C89CF273E456000A82D54 /* ThreeFiveRating.swift */ = {isa = PBXFileReference; lastKnownFileType = sourcecode.swift; path = ThreeFiveRating.swift; sourceTree = "<group>"; };
		ED2C89D1273E457A00A82D54 /* FourRating.swift */ = {isa = PBXFileReference; lastKnownFileType = sourcecode.swift; path = FourRating.swift; sourceTree = "<group>"; };
		ED2C89D3273E45A500A82D54 /* FourFiveRating.swift */ = {isa = PBXFileReference; lastKnownFileType = sourcecode.swift; path = FourFiveRating.swift; sourceTree = "<group>"; };
		ED2C89D5273E45C200A82D54 /* FiveRating.swift */ = {isa = PBXFileReference; lastKnownFileType = sourcecode.swift; path = FiveRating.swift; sourceTree = "<group>"; };
		ED2EEC08274490B100D17EE9 /* UpdateMovieEntryView.swift */ = {isa = PBXFileReference; lastKnownFileType = sourcecode.swift; path = UpdateMovieEntryView.swift; sourceTree = "<group>"; };
		ED2EEC0C2744D24100D17EE9 /* CoreDataManager.swift */ = {isa = PBXFileReference; lastKnownFileType = sourcecode.swift; path = CoreDataManager.swift; sourceTree = "<group>"; };
		ED2EEC0E2744EA4B00D17EE9 /* LibraryCollectionViewModel.swift */ = {isa = PBXFileReference; lastKnownFileType = sourcecode.swift; path = LibraryCollectionViewModel.swift; sourceTree = "<group>"; };
		ED2EEC102744ED5900D17EE9 /* UnwatchedMoviesViewModel.swift */ = {isa = PBXFileReference; lastKnownFileType = sourcecode.swift; path = UnwatchedMoviesViewModel.swift; sourceTree = "<group>"; };
		ED3138BC273E186000B74517 /* MovieDetailsViewModel.swift */ = {isa = PBXFileReference; lastKnownFileType = sourcecode.swift; path = MovieDetailsViewModel.swift; sourceTree = "<group>"; };
		ED3992A3273226D000DC1E99 /* GenreResponse.swift */ = {isa = PBXFileReference; lastKnownFileType = sourcecode.swift; path = GenreResponse.swift; sourceTree = "<group>"; };
		ED3992A5273226EB00DC1E99 /* ProductionResponse.swift */ = {isa = PBXFileReference; lastKnownFileType = sourcecode.swift; path = ProductionResponse.swift; sourceTree = "<group>"; };
		ED3992A72732271D00DC1E99 /* LanguageResponse.swift */ = {isa = PBXFileReference; lastKnownFileType = sourcecode.swift; path = LanguageResponse.swift; sourceTree = "<group>"; };
		ED3992AA27322EEA00DC1E99 /* README.md */ = {isa = PBXFileReference; lastKnownFileType = net.daringfireball.markdown; path = README.md; sourceTree = "<group>"; };
		ED3A97DF273861AB0092E7C3 /* HomePopularMoviesView.swift */ = {isa = PBXFileReference; lastKnownFileType = sourcecode.swift; path = HomePopularMoviesView.swift; sourceTree = "<group>"; };
		ED3A97E1273867A00092E7C3 /* NowPlayingResponse.swift */ = {isa = PBXFileReference; lastKnownFileType = sourcecode.swift; path = NowPlayingResponse.swift; sourceTree = "<group>"; };
		ED3DA7DC2733106400948F94 /* MovieDetailsView.swift */ = {isa = PBXFileReference; lastKnownFileType = sourcecode.swift; path = MovieDetailsView.swift; sourceTree = "<group>"; };
		ED3DA7DF2733231000948F94 /* MovieDetailsDescriptionView.swift */ = {isa = PBXFileReference; lastKnownFileType = sourcecode.swift; path = MovieDetailsDescriptionView.swift; sourceTree = "<group>"; };
		ED3DA7E127332A1100948F94 /* MovieImageDescriptionView.swift */ = {isa = PBXFileReference; lastKnownFileType = sourcecode.swift; path = MovieImageDescriptionView.swift; sourceTree = "<group>"; };
		ED3DA7E32733548700948F94 /* CastCrewResponse.swift */ = {isa = PBXFileReference; lastKnownFileType = sourcecode.swift; path = CastCrewResponse.swift; sourceTree = "<group>"; };
		ED3DA7E5273366A300948F94 /* MovieReccomendationsView.swift */ = {isa = PBXFileReference; lastKnownFileType = sourcecode.swift; path = MovieReccomendationsView.swift; sourceTree = "<group>"; };
		ED3DE3E72740755800BF764C /* LibraryCollectionsView.swift */ = {isa = PBXFileReference; lastKnownFileType = sourcecode.swift; path = LibraryCollectionsView.swift; sourceTree = "<group>"; };
		ED3DE3E927408AA500BF764C /* UnwatchedMovieRow.swift */ = {isa = PBXFileReference; lastKnownFileType = sourcecode.swift; path = UnwatchedMovieRow.swift; sourceTree = "<group>"; };
		ED40BDAD2741E27F00CC1506 /* HomeViewModel.swift */ = {isa = PBXFileReference; lastKnownFileType = sourcecode.swift; path = HomeViewModel.swift; sourceTree = "<group>"; };
		ED40BDB02741E60A00CC1506 /* NowPlayingViewModel.swift */ = {isa = PBXFileReference; lastKnownFileType = sourcecode.swift; path = NowPlayingViewModel.swift; sourceTree = "<group>"; };
		ED40BDB22741ED5A00CC1506 /* HomeNowPlayingView.swift */ = {isa = PBXFileReference; lastKnownFileType = sourcecode.swift; path = HomeNowPlayingView.swift; sourceTree = "<group>"; };
		ED40BDB42741F4A900CC1506 /* UpcomingViewModel.swift */ = {isa = PBXFileReference; lastKnownFileType = sourcecode.swift; path = UpcomingViewModel.swift; sourceTree = "<group>"; };
		ED40BDB62741F75400CC1506 /* HomeUpcomingMoviesView.swift */ = {isa = PBXFileReference; lastKnownFileType = sourcecode.swift; path = HomeUpcomingMoviesView.swift; sourceTree = "<group>"; };
		ED40BDB82742004F00CC1506 /* PopularMoviesViewModel.swift */ = {isa = PBXFileReference; lastKnownFileType = sourcecode.swift; path = PopularMoviesViewModel.swift; sourceTree = "<group>"; };
		ED40BDBA2742042900CC1506 /* TopRatedViewModel.swift */ = {isa = PBXFileReference; lastKnownFileType = sourcecode.swift; path = TopRatedViewModel.swift; sourceTree = "<group>"; };
		ED40BDBC2742058E00CC1506 /* HomeTopRatedMoviesView.swift */ = {isa = PBXFileReference; lastKnownFileType = sourcecode.swift; path = HomeTopRatedMoviesView.swift; sourceTree = "<group>"; };
		ED40BDBE2744481A00CC1506 /* MovieReccomendationsViewModel.swift */ = {isa = PBXFileReference; lastKnownFileType = sourcecode.swift; path = MovieReccomendationsViewModel.swift; sourceTree = "<group>"; };
		ED40BDC02744529700CC1506 /* MovieReviewViewModel.swift */ = {isa = PBXFileReference; lastKnownFileType = sourcecode.swift; path = MovieReviewViewModel.swift; sourceTree = "<group>"; };
		ED40BDC2274455D100CC1506 /* MovieReviewsView.swift */ = {isa = PBXFileReference; lastKnownFileType = sourcecode.swift; path = MovieReviewsView.swift; sourceTree = "<group>"; };
		ED42D2AE275AA324005E63C9 /* SettingsUsageView.swift */ = {isa = PBXFileReference; lastKnownFileType = sourcecode.swift; path = SettingsUsageView.swift; sourceTree = "<group>"; };
		ED43184E273F3F35003A8CAB /* MovieReviewResponse.swift */ = {isa = PBXFileReference; lastKnownFileType = sourcecode.swift; path = MovieReviewResponse.swift; sourceTree = "<group>"; };
		ED431852273F41D0003A8CAB /* MoviesReviewRow.swift */ = {isa = PBXFileReference; lastKnownFileType = sourcecode.swift; path = MoviesReviewRow.swift; sourceTree = "<group>"; };
		ED431854273F4832003A8CAB /* MovieVideoResponse.swift */ = {isa = PBXFileReference; lastKnownFileType = sourcecode.swift; path = MovieVideoResponse.swift; sourceTree = "<group>"; };
		EDA0989D273DEC0B003C06C3 /* Keys.xcconfig */ = {isa = PBXFileReference; lastKnownFileType = text.xcconfig; path = Keys.xcconfig; sourceTree = "<group>"; };
		EDA098A0273DEFD2003C06C3 /* SearchViewModel.swift */ = {isa = PBXFileReference; lastKnownFileType = sourcecode.swift; path = SearchViewModel.swift; sourceTree = "<group>"; };
		EDCA9AEA274612690093CB50 /* WatchedMoviesViewModel.swift */ = {isa = PBXFileReference; lastKnownFileType = sourcecode.swift; path = WatchedMoviesViewModel.swift; sourceTree = "<group>"; };
		EDCA9AEC274612B90093CB50 /* WatchedMoviesCollectionView.swift */ = {isa = PBXFileReference; lastKnownFileType = sourcecode.swift; path = WatchedMoviesCollectionView.swift; sourceTree = "<group>"; };
		EDCA9AEE274616C40093CB50 /* LibraryWatchedRow.swift */ = {isa = PBXFileReference; lastKnownFileType = sourcecode.swift; path = LibraryWatchedRow.swift; sourceTree = "<group>"; };
		EDCA9AF027462A480093CB50 /* AcknowledgementView.swift */ = {isa = PBXFileReference; lastKnownFileType = sourcecode.swift; path = AcknowledgementView.swift; sourceTree = "<group>"; };
		EDCF2B07275866CF007114BD /* LibraryUnwatchedRow.swift */ = {isa = PBXFileReference; lastKnownFileType = sourcecode.swift; path = LibraryUnwatchedRow.swift; sourceTree = "<group>"; };
		EDF9D09C275A8DA800E00892 /* HomeRowView.swift */ = {isa = PBXFileReference; lastKnownFileType = sourcecode.swift; path = HomeRowView.swift; sourceTree = "<group>"; };
		EDF9D09E275A90C700E00892 /* Constants.swift */ = {isa = PBXFileReference; lastKnownFileType = sourcecode.swift; path = Constants.swift; sourceTree = "<group>"; };
		EDF9D0A2275A9A6900E00892 /* HomeEmptyRowView.swift */ = {isa = PBXFileReference; lastKnownFileType = sourcecode.swift; name = HomeEmptyRowView.swift; path = ../HomeEmptyRowView.swift; sourceTree = "<group>"; };
		EDF9D0A4275A9FE200E00892 /* AboutDeveloperView.swift */ = {isa = PBXFileReference; lastKnownFileType = sourcecode.swift; path = AboutDeveloperView.swift; sourceTree = "<group>"; };
/* End PBXFileReference section */

/* Begin PBXFrameworksBuildPhase section */
		ED297E742731BDBC00C3448D /* Frameworks */ = {
			isa = PBXFrameworksBuildPhase;
			buildActionMask = 2147483647;
			files = (
				EDFF852D2735C38B00CE1540 /* Kingfisher in Frameworks */,
			);
			runOnlyForDeploymentPostprocessing = 0;
		};
		ED297E892731BDBD00C3448D /* Frameworks */ = {
			isa = PBXFrameworksBuildPhase;
			buildActionMask = 2147483647;
			files = (
			);
			runOnlyForDeploymentPostprocessing = 0;
		};
		ED297E932731BDBD00C3448D /* Frameworks */ = {
			isa = PBXFrameworksBuildPhase;
			buildActionMask = 2147483647;
			files = (
			);
			runOnlyForDeploymentPostprocessing = 0;
		};
/* End PBXFrameworksBuildPhase section */

/* Begin PBXGroup section */
		ED297E6E2731BDBC00C3448D = {
			isa = PBXGroup;
			children = (
				ED3992AA27322EEA00DC1E99 /* README.md */,
				ED297E792731BDBC00C3448D /* MyMoviesApp */,
				ED297E8F2731BDBD00C3448D /* MyMoviesAppTests */,
				ED297E992731BDBD00C3448D /* MyMoviesAppUITests */,
				ED297E782731BDBC00C3448D /* Products */,
			);
			sourceTree = "<group>";
		};
		ED297E782731BDBC00C3448D /* Products */ = {
			isa = PBXGroup;
			children = (
				ED297E772731BDBC00C3448D /* MyMoviesApp.app */,
				ED297E8C2731BDBD00C3448D /* MyMoviesAppTests.xctest */,
				ED297E962731BDBD00C3448D /* MyMoviesAppUITests.xctest */,
			);
			name = Products;
			sourceTree = "<group>";
		};
		ED297E792731BDBC00C3448D /* MyMoviesApp */ = {
			isa = PBXGroup;
			children = (
				EDA0989E273DEFB1003C06C3 /* ViewModels */,
				ED297EC62731FCA000C3448D /* Assets */,
				ED297EBE2731CC3300C3448D /* Info.plist */,
				ED297EBA2731CA1900C3448D /* System */,
				ED297EB92731C82400C3448D /* Models */,
				ED297EAA2731C02B00C3448D /* Core Data */,
				ED297EA92731C01600C3448D /* Views */,
				ED297E802731BDBD00C3448D /* Preview Content */,
			);
			path = MyMoviesApp;
			sourceTree = "<group>";
		};
		ED297E802731BDBD00C3448D /* Preview Content */ = {
			isa = PBXGroup;
			children = (
				ED297E812731BDBD00C3448D /* Preview Assets.xcassets */,
			);
			path = "Preview Content";
			sourceTree = "<group>";
		};
		ED297E8F2731BDBD00C3448D /* MyMoviesAppTests */ = {
			isa = PBXGroup;
			children = (
				ED297E902731BDBD00C3448D /* MyMoviesAppTests.swift */,
			);
			path = MyMoviesAppTests;
			sourceTree = "<group>";
		};
		ED297E992731BDBD00C3448D /* MyMoviesAppUITests */ = {
			isa = PBXGroup;
			children = (
				ED297E9A2731BDBD00C3448D /* MyMoviesAppUITests.swift */,
				ED297E9C2731BDBD00C3448D /* MyMoviesAppUITestsLaunchTests.swift */,
			);
			path = MyMoviesAppUITests;
			sourceTree = "<group>";
		};
		ED297EA92731C01600C3448D /* Views */ = {
			isa = PBXGroup;
			children = (
				ED2C89BF273E40C600A82D54 /* Supporting Views */,
				ED2C89BE273E40A600A82D54 /* Settings Views */,
				ED2C89BD273E409500A82D54 /* Library Views */,
				ED3A97DD273861860092E7C3 /* Home Views */,
				ED297EC32731F3E600C3448D /* Search Views */,
			);
			path = Views;
			sourceTree = "<group>";
		};
		ED297EAA2731C02B00C3448D /* Core Data */ = {
			isa = PBXGroup;
			children = (
				ED297E852731BDBD00C3448D /* MyMoviesApp.xcdatamodeld */,
				ED2EEC0C2744D24100D17EE9 /* CoreDataManager.swift */,
			);
			path = "Core Data";
			sourceTree = "<group>";
		};
		ED297EB92731C82400C3448D /* Models */ = {
			isa = PBXGroup;
			children = (
				ED3992A92732281200DC1E99 /* Main Models */,
				ED3992A2273226B700DC1E99 /* Supporting Models */,
			);
			path = Models;
			sourceTree = "<group>";
		};
		ED297EBA2731CA1900C3448D /* System */ = {
			isa = PBXGroup;
			children = (
				ED297EAB2731C06700C3448D /* InitialView.swift */,
				ED297E7A2731BDBC00C3448D /* MyMoviesAppApp.swift */,
				ED297EBC2731CB5600C3448D /* .gitignore */,
				EDA0989D273DEC0B003C06C3 /* Keys.xcconfig */,
				EDF9D09E275A90C700E00892 /* Constants.swift */,
			);
			path = System;
			sourceTree = "<group>";
		};
		ED297EC32731F3E600C3448D /* Search Views */ = {
			isa = PBXGroup;
			children = (
				ED3DA7DE273322EA00948F94 /* Supporting Search Views */,
				ED3DA7DC2733106400948F94 /* MovieDetailsView.swift */,
				ED297EB32731C3E500C3448D /* SearchView.swift */,
			);
			path = "Search Views";
			sourceTree = "<group>";
		};
		ED297EC62731FCA000C3448D /* Assets */ = {
			isa = PBXGroup;
			children = (
				ED297E7E2731BDBD00C3448D /* Assets.xcassets */,
			);
			path = Assets;
			sourceTree = "<group>";
		};
		ED2C89BD273E409500A82D54 /* Library Views */ = {
			isa = PBXGroup;
			children = (
				ED3DE3E62740752100BF764C /* Supporting Library Views */,
				ED297EB52731C3F200C3448D /* LibraryView.swift */,
			);
			path = "Library Views";
			sourceTree = "<group>";
		};
		ED2C89BE273E40A600A82D54 /* Settings Views */ = {
			isa = PBXGroup;
			children = (
				ED297EB72731C40500C3448D /* SettingsView.swift */,
				EDCA9AF027462A480093CB50 /* AcknowledgementView.swift */,
				EDF9D0A4275A9FE200E00892 /* AboutDeveloperView.swift */,
				ED42D2AE275AA324005E63C9 /* SettingsUsageView.swift */,
			);
			path = "Settings Views";
			sourceTree = "<group>";
		};
		ED2C89BF273E40C600A82D54 /* Supporting Views */ = {
			isa = PBXGroup;
			children = (
				ED2C89C0273E40DF00A82D54 /* Rating Views */,
			);
			path = "Supporting Views";
			sourceTree = "<group>";
		};
		ED2C89C0273E40DF00A82D54 /* Rating Views */ = {
			isa = PBXGroup;
			children = (
				ED2C89C1273E410A00A82D54 /* ZeroRating.swift */,
				ED2C89C3273E434D00A82D54 /* ZeroFiveRating.swift */,
				ED2C89C5273E447F00A82D54 /* OneRating.swift */,
				ED2C89C7273E44CF00A82D54 /* OneFiveRating.swift */,
				ED2C89C9273E450700A82D54 /* TwoRating.swift */,
				ED2C89CB273E451C00A82D54 /* TwoFiveRating.swift */,
				ED2C89CD273E453A00A82D54 /* ThreeRating.swift */,
				ED2C89CF273E456000A82D54 /* ThreeFiveRating.swift */,
				ED2C89D1273E457A00A82D54 /* FourRating.swift */,
				ED2C89D3273E45A500A82D54 /* FourFiveRating.swift */,
				ED2C89D5273E45C200A82D54 /* FiveRating.swift */,
			);
			path = "Rating Views";
			sourceTree = "<group>";
		};
		ED2EEC0727448CDF00D17EE9 /* Library ViewModels */ = {
			isa = PBXGroup;
			children = (
				ED2EEC0E2744EA4B00D17EE9 /* LibraryCollectionViewModel.swift */,
				ED2EEC102744ED5900D17EE9 /* UnwatchedMoviesViewModel.swift */,
				EDCA9AEA274612690093CB50 /* WatchedMoviesViewModel.swift */,
			);
			path = "Library ViewModels";
			sourceTree = "<group>";
		};
		ED3992A2273226B700DC1E99 /* Supporting Models */ = {
			isa = PBXGroup;
			children = (
				ED3992A3273226D000DC1E99 /* GenreResponse.swift */,
				ED3992A5273226EB00DC1E99 /* ProductionResponse.swift */,
				ED3992A72732271D00DC1E99 /* LanguageResponse.swift */,
				ED3DA7E32733548700948F94 /* CastCrewResponse.swift */,
				ED43184E273F3F35003A8CAB /* MovieReviewResponse.swift */,
				ED431854273F4832003A8CAB /* MovieVideoResponse.swift */,
			);
			path = "Supporting Models";
			sourceTree = "<group>";
		};
		ED3992A92732281200DC1E99 /* Main Models */ = {
			isa = PBXGroup;
			children = (
				ED297EBF2731CEF300C3448D /* MovieSearchResponse.swift */,
				ED3A97E1273867A00092E7C3 /* NowPlayingResponse.swift */,
			);
			path = "Main Models";
			sourceTree = "<group>";
		};
		ED3A97DD273861860092E7C3 /* Home Views */ = {
			isa = PBXGroup;
			children = (
				ED3A97DE273861930092E7C3 /* Supporting Home Views */,
				ED297EB12731C3DA00C3448D /* HomeView.swift */,
			);
			path = "Home Views";
			sourceTree = "<group>";
		};
		ED3A97DE273861930092E7C3 /* Supporting Home Views */ = {
			isa = PBXGroup;
			children = (
				EDF9D0A2275A9A6900E00892 /* HomeEmptyRowView.swift */,
				ED3A97DF273861AB0092E7C3 /* HomePopularMoviesView.swift */,
				ED40BDB22741ED5A00CC1506 /* HomeNowPlayingView.swift */,
				ED40BDB62741F75400CC1506 /* HomeUpcomingMoviesView.swift */,
				ED40BDBC2742058E00CC1506 /* HomeTopRatedMoviesView.swift */,
				EDF9D09C275A8DA800E00892 /* HomeRowView.swift */,
			);
			path = "Supporting Home Views";
			sourceTree = "<group>";
		};
		ED3DA7DE273322EA00948F94 /* Supporting Search Views */ = {
			isa = PBXGroup;
			children = (
				ED297EC42731F3FF00C3448D /* SearchRow.swift */,
				ED3DA7E127332A1100948F94 /* MovieImageDescriptionView.swift */,
				ED3DA7DF2733231000948F94 /* MovieDetailsDescriptionView.swift */,
				ED3DA7E5273366A300948F94 /* MovieReccomendationsView.swift */,
				ED090C23273EFE2200229961 /* MovieDetailsRow.swift */,
				ED090C25273F0C9200229961 /* MovieSynopsisRow.swift */,
				ED090C27273F241900229961 /* MovieCastRow.swift */,
				ED431852273F41D0003A8CAB /* MoviesReviewRow.swift */,
				ED40BDC2274455D100CC1506 /* MovieReviewsView.swift */,
			);
			path = "Supporting Search Views";
			sourceTree = "<group>";
		};
		ED3DE3E62740752100BF764C /* Supporting Library Views */ = {
			isa = PBXGroup;
			children = (
				ED3DE3E72740755800BF764C /* LibraryCollectionsView.swift */,
				ED3DE3E927408AA500BF764C /* UnwatchedMovieRow.swift */,
				ED2EEC08274490B100D17EE9 /* UpdateMovieEntryView.swift */,
				EDCA9AEC274612B90093CB50 /* WatchedMoviesCollectionView.swift */,
				EDCA9AEE274616C40093CB50 /* LibraryWatchedRow.swift */,
				EDCF2B07275866CF007114BD /* LibraryUnwatchedRow.swift */,
			);
			path = "Supporting Library Views";
			sourceTree = "<group>";
		};
		ED40BDAC2741DA5A00CC1506 /* Home ViewModels */ = {
			isa = PBXGroup;
			children = (
				ED40BDAF2741E5EB00CC1506 /* Supporting ViewModels */,
				ED40BDAD2741E27F00CC1506 /* HomeViewModel.swift */,
			);
			path = "Home ViewModels";
			sourceTree = "<group>";
		};
		ED40BDAF2741E5EB00CC1506 /* Supporting ViewModels */ = {
			isa = PBXGroup;
			children = (
				ED40BDB02741E60A00CC1506 /* NowPlayingViewModel.swift */,
				ED40BDB42741F4A900CC1506 /* UpcomingViewModel.swift */,
				ED40BDB82742004F00CC1506 /* PopularMoviesViewModel.swift */,
				ED40BDBA2742042900CC1506 /* TopRatedViewModel.swift */,
			);
			path = "Supporting ViewModels";
			sourceTree = "<group>";
		};
		EDA0989E273DEFB1003C06C3 /* ViewModels */ = {
			isa = PBXGroup;
			children = (
				ED2EEC0727448CDF00D17EE9 /* Library ViewModels */,
				ED40BDAC2741DA5A00CC1506 /* Home ViewModels */,
				EDA0989F273DEFBD003C06C3 /* Search ViewModels */,
			);
			path = ViewModels;
			sourceTree = "<group>";
		};
		EDA0989F273DEFBD003C06C3 /* Search ViewModels */ = {
			isa = PBXGroup;
			children = (
				EDA098A0273DEFD2003C06C3 /* SearchViewModel.swift */,
				ED3138BC273E186000B74517 /* MovieDetailsViewModel.swift */,
				ED40BDBE2744481A00CC1506 /* MovieReccomendationsViewModel.swift */,
				ED40BDC02744529700CC1506 /* MovieReviewViewModel.swift */,
			);
			path = "Search ViewModels";
			sourceTree = "<group>";
		};
/* End PBXGroup section */

/* Begin PBXNativeTarget section */
		ED297E762731BDBC00C3448D /* MyMoviesApp */ = {
			isa = PBXNativeTarget;
			buildConfigurationList = ED297EA02731BDBE00C3448D /* Build configuration list for PBXNativeTarget "MyMoviesApp" */;
			buildPhases = (
				ED297E732731BDBC00C3448D /* Sources */,
				ED297E742731BDBC00C3448D /* Frameworks */,
				ED297E752731BDBC00C3448D /* Resources */,
			);
			buildRules = (
			);
			dependencies = (
			);
			name = MyMoviesApp;
			packageProductDependencies = (
				EDFF852C2735C38B00CE1540 /* Kingfisher */,
			);
			productName = MyMoviesApp;
			productReference = ED297E772731BDBC00C3448D /* MyMoviesApp.app */;
			productType = "com.apple.product-type.application";
		};
		ED297E8B2731BDBD00C3448D /* MyMoviesAppTests */ = {
			isa = PBXNativeTarget;
			buildConfigurationList = ED297EA32731BDBE00C3448D /* Build configuration list for PBXNativeTarget "MyMoviesAppTests" */;
			buildPhases = (
				ED297E882731BDBD00C3448D /* Sources */,
				ED297E892731BDBD00C3448D /* Frameworks */,
				ED297E8A2731BDBD00C3448D /* Resources */,
			);
			buildRules = (
			);
			dependencies = (
				ED297E8E2731BDBD00C3448D /* PBXTargetDependency */,
			);
			name = MyMoviesAppTests;
			productName = MyMoviesAppTests;
			productReference = ED297E8C2731BDBD00C3448D /* MyMoviesAppTests.xctest */;
			productType = "com.apple.product-type.bundle.unit-test";
		};
		ED297E952731BDBD00C3448D /* MyMoviesAppUITests */ = {
			isa = PBXNativeTarget;
			buildConfigurationList = ED297EA62731BDBE00C3448D /* Build configuration list for PBXNativeTarget "MyMoviesAppUITests" */;
			buildPhases = (
				ED297E922731BDBD00C3448D /* Sources */,
				ED297E932731BDBD00C3448D /* Frameworks */,
				ED297E942731BDBD00C3448D /* Resources */,
			);
			buildRules = (
			);
			dependencies = (
				ED297E982731BDBD00C3448D /* PBXTargetDependency */,
			);
			name = MyMoviesAppUITests;
			productName = MyMoviesAppUITests;
			productReference = ED297E962731BDBD00C3448D /* MyMoviesAppUITests.xctest */;
			productType = "com.apple.product-type.bundle.ui-testing";
		};
/* End PBXNativeTarget section */

/* Begin PBXProject section */
		ED297E6F2731BDBC00C3448D /* Project object */ = {
			isa = PBXProject;
			attributes = {
				BuildIndependentTargetsInParallel = 1;
				LastSwiftUpdateCheck = 1310;
				LastUpgradeCheck = 1310;
				TargetAttributes = {
					ED297E762731BDBC00C3448D = {
						CreatedOnToolsVersion = 13.1;
					};
					ED297E8B2731BDBD00C3448D = {
						CreatedOnToolsVersion = 13.1;
						TestTargetID = ED297E762731BDBC00C3448D;
					};
					ED297E952731BDBD00C3448D = {
						CreatedOnToolsVersion = 13.1;
						TestTargetID = ED297E762731BDBC00C3448D;
					};
				};
			};
			buildConfigurationList = ED297E722731BDBC00C3448D /* Build configuration list for PBXProject "MyMoviesApp" */;
			compatibilityVersion = "Xcode 13.0";
			developmentRegion = en;
			hasScannedForEncodings = 0;
			knownRegions = (
				en,
				Base,
			);
			mainGroup = ED297E6E2731BDBC00C3448D;
			packageReferences = (
				EDFF852B2735C38B00CE1540 /* XCRemoteSwiftPackageReference "Kingfisher" */,
			);
			productRefGroup = ED297E782731BDBC00C3448D /* Products */;
			projectDirPath = "";
			projectRoot = "";
			targets = (
				ED297E762731BDBC00C3448D /* MyMoviesApp */,
				ED297E8B2731BDBD00C3448D /* MyMoviesAppTests */,
				ED297E952731BDBD00C3448D /* MyMoviesAppUITests */,
			);
		};
/* End PBXProject section */

/* Begin PBXResourcesBuildPhase section */
		ED297E752731BDBC00C3448D /* Resources */ = {
			isa = PBXResourcesBuildPhase;
			buildActionMask = 2147483647;
			files = (
				ED297E822731BDBD00C3448D /* Preview Assets.xcassets in Resources */,
				ED297EBD2731CB5600C3448D /* .gitignore in Resources */,
				ED3992AB27322EEA00DC1E99 /* README.md in Resources */,
				ED297E7F2731BDBD00C3448D /* Assets.xcassets in Resources */,
			);
			runOnlyForDeploymentPostprocessing = 0;
		};
		ED297E8A2731BDBD00C3448D /* Resources */ = {
			isa = PBXResourcesBuildPhase;
			buildActionMask = 2147483647;
			files = (
			);
			runOnlyForDeploymentPostprocessing = 0;
		};
		ED297E942731BDBD00C3448D /* Resources */ = {
			isa = PBXResourcesBuildPhase;
			buildActionMask = 2147483647;
			files = (
			);
			runOnlyForDeploymentPostprocessing = 0;
		};
/* End PBXResourcesBuildPhase section */

/* Begin PBXSourcesBuildPhase section */
		ED297E732731BDBC00C3448D /* Sources */ = {
			isa = PBXSourcesBuildPhase;
			buildActionMask = 2147483647;
			files = (
				ED40BDBF2744481A00CC1506 /* MovieReccomendationsViewModel.swift in Sources */,
				ED090C28273F241900229961 /* MovieCastRow.swift in Sources */,
				ED40BDBD2742058E00CC1506 /* HomeTopRatedMoviesView.swift in Sources */,
				ED40BDBB2742042900CC1506 /* TopRatedViewModel.swift in Sources */,
				EDA098A1273DEFD2003C06C3 /* SearchViewModel.swift in Sources */,
				ED2EEC09274490B100D17EE9 /* UpdateMovieEntryView.swift in Sources */,
				ED090C26273F0C9200229961 /* MovieSynopsisRow.swift in Sources */,
				ED40BDB32741ED5A00CC1506 /* HomeNowPlayingView.swift in Sources */,
				ED2C89CA273E450700A82D54 /* TwoRating.swift in Sources */,
				ED297EB62731C3F200C3448D /* LibraryView.swift in Sources */,
				ED3DE3EA27408AA500BF764C /* UnwatchedMovieRow.swift in Sources */,
				ED297EB82731C40500C3448D /* SettingsView.swift in Sources */,
				ED2C89D6273E45C200A82D54 /* FiveRating.swift in Sources */,
				ED2C89C6273E447F00A82D54 /* OneRating.swift in Sources */,
				ED2C89D0273E456000A82D54 /* ThreeFiveRating.swift in Sources */,
				ED3992A4273226D000DC1E99 /* GenreResponse.swift in Sources */,
				ED3DA7E02733231000948F94 /* MovieDetailsDescriptionView.swift in Sources */,
				ED43184F273F3F35003A8CAB /* MovieReviewResponse.swift in Sources */,
				ED3DA7E227332A1100948F94 /* MovieImageDescriptionView.swift in Sources */,
				EDCA9AF127462A480093CB50 /* AcknowledgementView.swift in Sources */,
				EDCF2B08275866CF007114BD /* LibraryUnwatchedRow.swift in Sources */,
				ED431853273F41D0003A8CAB /* MoviesReviewRow.swift in Sources */,
				ED40BDC12744529700CC1506 /* MovieReviewViewModel.swift in Sources */,
				ED3DE3E82740755800BF764C /* LibraryCollectionsView.swift in Sources */,
				ED3138BD273E186000B74517 /* MovieDetailsViewModel.swift in Sources */,
				ED297EC52731F3FF00C3448D /* SearchRow.swift in Sources */,
				ED431855273F4832003A8CAB /* MovieVideoResponse.swift in Sources */,
				ED42D2AF275AA324005E63C9 /* SettingsUsageView.swift in Sources */,
				EDF9D0A3275A9A6900E00892 /* HomeEmptyRowView.swift in Sources */,
				ED2C89D2273E457A00A82D54 /* FourRating.swift in Sources */,
				EDCA9AEF274616C40093CB50 /* LibraryWatchedRow.swift in Sources */,
				ED2EEC112744ED5900D17EE9 /* UnwatchedMoviesViewModel.swift in Sources */,
				ED2C89CC273E451C00A82D54 /* TwoFiveRating.swift in Sources */,
				ED297EAC2731C06700C3448D /* InitialView.swift in Sources */,
				ED2C89C8273E44CF00A82D54 /* OneFiveRating.swift in Sources */,
				ED297E872731BDBD00C3448D /* MyMoviesApp.xcdatamodeld in Sources */,
				ED297EB22731C3DA00C3448D /* HomeView.swift in Sources */,
				ED2EEC0F2744EA4B00D17EE9 /* LibraryCollectionViewModel.swift in Sources */,
				ED40BDB52741F4A900CC1506 /* UpcomingViewModel.swift in Sources */,
				ED090C24273EFE2200229961 /* MovieDetailsRow.swift in Sources */,
				EDCA9AEB274612690093CB50 /* WatchedMoviesViewModel.swift in Sources */,
				EDF9D0A5275A9FE200E00892 /* AboutDeveloperView.swift in Sources */,
				ED2C89D4273E45A600A82D54 /* FourFiveRating.swift in Sources */,
				ED3DA7DD2733106400948F94 /* MovieDetailsView.swift in Sources */,
				ED40BDB12741E60A00CC1506 /* NowPlayingViewModel.swift in Sources */,
				ED3DA7E42733548700948F94 /* CastCrewResponse.swift in Sources */,
				ED297EC02731CEF300C3448D /* MovieSearchResponse.swift in Sources */,
				ED40BDB72741F75400CC1506 /* HomeUpcomingMoviesView.swift in Sources */,
				ED2C89C2273E410A00A82D54 /* ZeroRating.swift in Sources */,
				ED40BDB92742004F00CC1506 /* PopularMoviesViewModel.swift in Sources */,
				EDCA9AED274612B90093CB50 /* WatchedMoviesCollectionView.swift in Sources */,
				ED2EEC0D2744D24100D17EE9 /* CoreDataManager.swift in Sources */,
				ED2C89CE273E453A00A82D54 /* ThreeRating.swift in Sources */,
				ED297EB42731C3E500C3448D /* SearchView.swift in Sources */,
				ED2C89C4273E434D00A82D54 /* ZeroFiveRating.swift in Sources */,
				EDF9D09F275A90C700E00892 /* Constants.swift in Sources */,
				ED3DA7E6273366A300948F94 /* MovieReccomendationsView.swift in Sources */,
				ED3A97E0273861AB0092E7C3 /* HomePopularMoviesView.swift in Sources */,
				ED40BDAE2741E27F00CC1506 /* HomeViewModel.swift in Sources */,
				ED3A97E2273867A00092E7C3 /* NowPlayingResponse.swift in Sources */,
				ED3992A6273226EB00DC1E99 /* ProductionResponse.swift in Sources */,
				ED40BDC3274455D100CC1506 /* MovieReviewsView.swift in Sources */,
				ED3992A82732271D00DC1E99 /* LanguageResponse.swift in Sources */,
				EDF9D09D275A8DA800E00892 /* HomeRowView.swift in Sources */,
				ED297E7B2731BDBC00C3448D /* MyMoviesAppApp.swift in Sources */,
			);
			runOnlyForDeploymentPostprocessing = 0;
		};
		ED297E882731BDBD00C3448D /* Sources */ = {
			isa = PBXSourcesBuildPhase;
			buildActionMask = 2147483647;
			files = (
				ED297E912731BDBD00C3448D /* MyMoviesAppTests.swift in Sources */,
			);
			runOnlyForDeploymentPostprocessing = 0;
		};
		ED297E922731BDBD00C3448D /* Sources */ = {
			isa = PBXSourcesBuildPhase;
			buildActionMask = 2147483647;
			files = (
				ED297E9B2731BDBD00C3448D /* MyMoviesAppUITests.swift in Sources */,
				ED297E9D2731BDBD00C3448D /* MyMoviesAppUITestsLaunchTests.swift in Sources */,
			);
			runOnlyForDeploymentPostprocessing = 0;
		};
/* End PBXSourcesBuildPhase section */

/* Begin PBXTargetDependency section */
		ED297E8E2731BDBD00C3448D /* PBXTargetDependency */ = {
			isa = PBXTargetDependency;
			target = ED297E762731BDBC00C3448D /* MyMoviesApp */;
			targetProxy = ED297E8D2731BDBD00C3448D /* PBXContainerItemProxy */;
		};
		ED297E982731BDBD00C3448D /* PBXTargetDependency */ = {
			isa = PBXTargetDependency;
			target = ED297E762731BDBC00C3448D /* MyMoviesApp */;
			targetProxy = ED297E972731BDBD00C3448D /* PBXContainerItemProxy */;
		};
/* End PBXTargetDependency section */

/* Begin XCBuildConfiguration section */
		ED297E9E2731BDBE00C3448D /* Debug */ = {
			isa = XCBuildConfiguration;
			baseConfigurationReference = EDA0989D273DEC0B003C06C3 /* Keys.xcconfig */;
			buildSettings = {
				ALWAYS_SEARCH_USER_PATHS = NO;
				CLANG_ANALYZER_NONNULL = YES;
				CLANG_ANALYZER_NUMBER_OBJECT_CONVERSION = YES_AGGRESSIVE;
				CLANG_CXX_LANGUAGE_STANDARD = "gnu++17";
				CLANG_CXX_LIBRARY = "libc++";
				CLANG_ENABLE_MODULES = YES;
				CLANG_ENABLE_OBJC_ARC = YES;
				CLANG_ENABLE_OBJC_WEAK = YES;
				CLANG_WARN_BLOCK_CAPTURE_AUTORELEASING = YES;
				CLANG_WARN_BOOL_CONVERSION = YES;
				CLANG_WARN_COMMA = YES;
				CLANG_WARN_CONSTANT_CONVERSION = YES;
				CLANG_WARN_DEPRECATED_OBJC_IMPLEMENTATIONS = YES;
				CLANG_WARN_DIRECT_OBJC_ISA_USAGE = YES_ERROR;
				CLANG_WARN_DOCUMENTATION_COMMENTS = YES;
				CLANG_WARN_EMPTY_BODY = YES;
				CLANG_WARN_ENUM_CONVERSION = YES;
				CLANG_WARN_INFINITE_RECURSION = YES;
				CLANG_WARN_INT_CONVERSION = YES;
				CLANG_WARN_NON_LITERAL_NULL_CONVERSION = YES;
				CLANG_WARN_OBJC_IMPLICIT_RETAIN_SELF = YES;
				CLANG_WARN_OBJC_LITERAL_CONVERSION = YES;
				CLANG_WARN_OBJC_ROOT_CLASS = YES_ERROR;
				CLANG_WARN_QUOTED_INCLUDE_IN_FRAMEWORK_HEADER = YES;
				CLANG_WARN_RANGE_LOOP_ANALYSIS = YES;
				CLANG_WARN_STRICT_PROTOTYPES = YES;
				CLANG_WARN_SUSPICIOUS_MOVE = YES;
				CLANG_WARN_UNGUARDED_AVAILABILITY = YES_AGGRESSIVE;
				CLANG_WARN_UNREACHABLE_CODE = YES;
				CLANG_WARN__DUPLICATE_METHOD_MATCH = YES;
				COPY_PHASE_STRIP = NO;
				DEBUG_INFORMATION_FORMAT = dwarf;
				ENABLE_STRICT_OBJC_MSGSEND = YES;
				ENABLE_TESTABILITY = YES;
				GCC_C_LANGUAGE_STANDARD = gnu11;
				GCC_DYNAMIC_NO_PIC = NO;
				GCC_NO_COMMON_BLOCKS = YES;
				GCC_OPTIMIZATION_LEVEL = 0;
				GCC_PREPROCESSOR_DEFINITIONS = (
					"DEBUG=1",
					"$(inherited)",
				);
				GCC_WARN_64_TO_32_BIT_CONVERSION = YES;
				GCC_WARN_ABOUT_RETURN_TYPE = YES_ERROR;
				GCC_WARN_UNDECLARED_SELECTOR = YES;
				GCC_WARN_UNINITIALIZED_AUTOS = YES_AGGRESSIVE;
				GCC_WARN_UNUSED_FUNCTION = YES;
				GCC_WARN_UNUSED_VARIABLE = YES;
				IPHONEOS_DEPLOYMENT_TARGET = 15.0;
				MTL_ENABLE_DEBUG_INFO = INCLUDE_SOURCE;
				MTL_FAST_MATH = YES;
				ONLY_ACTIVE_ARCH = YES;
				SDKROOT = iphoneos;
				SWIFT_ACTIVE_COMPILATION_CONDITIONS = DEBUG;
				SWIFT_OPTIMIZATION_LEVEL = "-Onone";
			};
			name = Debug;
		};
		ED297E9F2731BDBE00C3448D /* Release */ = {
			isa = XCBuildConfiguration;
			baseConfigurationReference = EDA0989D273DEC0B003C06C3 /* Keys.xcconfig */;
			buildSettings = {
				ALWAYS_SEARCH_USER_PATHS = NO;
				CLANG_ANALYZER_NONNULL = YES;
				CLANG_ANALYZER_NUMBER_OBJECT_CONVERSION = YES_AGGRESSIVE;
				CLANG_CXX_LANGUAGE_STANDARD = "gnu++17";
				CLANG_CXX_LIBRARY = "libc++";
				CLANG_ENABLE_MODULES = YES;
				CLANG_ENABLE_OBJC_ARC = YES;
				CLANG_ENABLE_OBJC_WEAK = YES;
				CLANG_WARN_BLOCK_CAPTURE_AUTORELEASING = YES;
				CLANG_WARN_BOOL_CONVERSION = YES;
				CLANG_WARN_COMMA = YES;
				CLANG_WARN_CONSTANT_CONVERSION = YES;
				CLANG_WARN_DEPRECATED_OBJC_IMPLEMENTATIONS = YES;
				CLANG_WARN_DIRECT_OBJC_ISA_USAGE = YES_ERROR;
				CLANG_WARN_DOCUMENTATION_COMMENTS = YES;
				CLANG_WARN_EMPTY_BODY = YES;
				CLANG_WARN_ENUM_CONVERSION = YES;
				CLANG_WARN_INFINITE_RECURSION = YES;
				CLANG_WARN_INT_CONVERSION = YES;
				CLANG_WARN_NON_LITERAL_NULL_CONVERSION = YES;
				CLANG_WARN_OBJC_IMPLICIT_RETAIN_SELF = YES;
				CLANG_WARN_OBJC_LITERAL_CONVERSION = YES;
				CLANG_WARN_OBJC_ROOT_CLASS = YES_ERROR;
				CLANG_WARN_QUOTED_INCLUDE_IN_FRAMEWORK_HEADER = YES;
				CLANG_WARN_RANGE_LOOP_ANALYSIS = YES;
				CLANG_WARN_STRICT_PROTOTYPES = YES;
				CLANG_WARN_SUSPICIOUS_MOVE = YES;
				CLANG_WARN_UNGUARDED_AVAILABILITY = YES_AGGRESSIVE;
				CLANG_WARN_UNREACHABLE_CODE = YES;
				CLANG_WARN__DUPLICATE_METHOD_MATCH = YES;
				COPY_PHASE_STRIP = NO;
				DEBUG_INFORMATION_FORMAT = "dwarf-with-dsym";
				ENABLE_NS_ASSERTIONS = NO;
				ENABLE_STRICT_OBJC_MSGSEND = YES;
				GCC_C_LANGUAGE_STANDARD = gnu11;
				GCC_NO_COMMON_BLOCKS = YES;
				GCC_WARN_64_TO_32_BIT_CONVERSION = YES;
				GCC_WARN_ABOUT_RETURN_TYPE = YES_ERROR;
				GCC_WARN_UNDECLARED_SELECTOR = YES;
				GCC_WARN_UNINITIALIZED_AUTOS = YES_AGGRESSIVE;
				GCC_WARN_UNUSED_FUNCTION = YES;
				GCC_WARN_UNUSED_VARIABLE = YES;
				IPHONEOS_DEPLOYMENT_TARGET = 15.0;
				MTL_ENABLE_DEBUG_INFO = NO;
				MTL_FAST_MATH = YES;
				SDKROOT = iphoneos;
				SWIFT_COMPILATION_MODE = wholemodule;
				SWIFT_OPTIMIZATION_LEVEL = "-O";
				VALIDATE_PRODUCT = YES;
			};
			name = Release;
		};
		ED297EA12731BDBE00C3448D /* Debug */ = {
			isa = XCBuildConfiguration;
			buildSettings = {
				ASSETCATALOG_COMPILER_APPICON_NAME = AppIcon;
				ASSETCATALOG_COMPILER_GLOBAL_ACCENT_COLOR_NAME = AccentColor;
				CODE_SIGN_STYLE = Automatic;
				CURRENT_PROJECT_VERSION = 1;
				DEVELOPMENT_ASSET_PATHS = "\"MyMoviesApp/Preview Content\"";
				DEVELOPMENT_TEAM = K6ATTQCYHQ;
				ENABLE_PREVIEWS = YES;
				GENERATE_INFOPLIST_FILE = YES;
				INFOPLIST_FILE = MyMoviesApp/Info.plist;
				INFOPLIST_KEY_UIApplicationSceneManifest_Generation = YES;
				INFOPLIST_KEY_UIApplicationSupportsIndirectInputEvents = YES;
				INFOPLIST_KEY_UILaunchScreen_Generation = YES;
				INFOPLIST_KEY_UISupportedInterfaceOrientations = UIInterfaceOrientationPortrait;
				INFOPLIST_KEY_UISupportedInterfaceOrientations_iPad = "UIInterfaceOrientationPortrait UIInterfaceOrientationPortraitUpsideDown UIInterfaceOrientationLandscapeLeft UIInterfaceOrientationLandscapeRight";
				INFOPLIST_KEY_UISupportedInterfaceOrientations_iPhone = "UIInterfaceOrientationPortrait UIInterfaceOrientationLandscapeLeft UIInterfaceOrientationLandscapeRight";
				IPHONEOS_DEPLOYMENT_TARGET = 15.0;
				LD_RUNPATH_SEARCH_PATHS = (
					"$(inherited)",
					"@executable_path/Frameworks",
				);
				MARKETING_VERSION = 1.01;
				"OTHER_SWIFT_FLAGS[arch=*]" = "-Xfrontend -debug-time-function-bodies";
				PRODUCT_BUNDLE_IDENTIFIER = com.nomanhmad.MyMoviesApp;
				PRODUCT_NAME = "$(TARGET_NAME)";
				SWIFT_EMIT_LOC_STRINGS = YES;
				SWIFT_VERSION = 5.0;
				TARGETED_DEVICE_FAMILY = "1,2";
			};
			name = Debug;
		};
		ED297EA22731BDBE00C3448D /* Release */ = {
			isa = XCBuildConfiguration;
			buildSettings = {
				ASSETCATALOG_COMPILER_APPICON_NAME = AppIcon;
				ASSETCATALOG_COMPILER_GLOBAL_ACCENT_COLOR_NAME = AccentColor;
				CODE_SIGN_STYLE = Automatic;
				CURRENT_PROJECT_VERSION = 1;
				DEVELOPMENT_ASSET_PATHS = "\"MyMoviesApp/Preview Content\"";
				DEVELOPMENT_TEAM = K6ATTQCYHQ;
				ENABLE_PREVIEWS = YES;
				GENERATE_INFOPLIST_FILE = YES;
				INFOPLIST_FILE = MyMoviesApp/Info.plist;
				INFOPLIST_KEY_UIApplicationSceneManifest_Generation = YES;
				INFOPLIST_KEY_UIApplicationSupportsIndirectInputEvents = YES;
				INFOPLIST_KEY_UILaunchScreen_Generation = YES;
				INFOPLIST_KEY_UISupportedInterfaceOrientations = UIInterfaceOrientationPortrait;
				INFOPLIST_KEY_UISupportedInterfaceOrientations_iPad = "UIInterfaceOrientationPortrait UIInterfaceOrientationPortraitUpsideDown UIInterfaceOrientationLandscapeLeft UIInterfaceOrientationLandscapeRight";
				INFOPLIST_KEY_UISupportedInterfaceOrientations_iPhone = "UIInterfaceOrientationPortrait UIInterfaceOrientationLandscapeLeft UIInterfaceOrientationLandscapeRight";
				IPHONEOS_DEPLOYMENT_TARGET = 15.0;
				LD_RUNPATH_SEARCH_PATHS = (
					"$(inherited)",
					"@executable_path/Frameworks",
				);
				MARKETING_VERSION = 1.01;
				PRODUCT_BUNDLE_IDENTIFIER = com.nomanhmad.MyMoviesApp;
				PRODUCT_NAME = "$(TARGET_NAME)";
				SWIFT_EMIT_LOC_STRINGS = YES;
				SWIFT_VERSION = 5.0;
				TARGETED_DEVICE_FAMILY = "1,2";
			};
			name = Release;
		};
		ED297EA42731BDBE00C3448D /* Debug */ = {
			isa = XCBuildConfiguration;
			buildSettings = {
				ALWAYS_EMBED_SWIFT_STANDARD_LIBRARIES = YES;
				BUNDLE_LOADER = "$(TEST_HOST)";
				CODE_SIGN_STYLE = Automatic;
				CURRENT_PROJECT_VERSION = 1;
				DEVELOPMENT_TEAM = K6ATTQCYHQ;
				GENERATE_INFOPLIST_FILE = YES;
				IPHONEOS_DEPLOYMENT_TARGET = 15.0;
				LD_RUNPATH_SEARCH_PATHS = (
					"$(inherited)",
					"@executable_path/Frameworks",
					"@loader_path/Frameworks",
				);
				MARKETING_VERSION = 1.0;
				PRODUCT_BUNDLE_IDENTIFIER = nomanhmad.MyMoviesAppTests;
				PRODUCT_NAME = "$(TARGET_NAME)";
				SWIFT_EMIT_LOC_STRINGS = NO;
				SWIFT_VERSION = 5.0;
				TARGETED_DEVICE_FAMILY = "1,2";
				TEST_HOST = "$(BUILT_PRODUCTS_DIR)/MyMoviesApp.app/MyMoviesApp";
			};
			name = Debug;
		};
		ED297EA52731BDBE00C3448D /* Release */ = {
			isa = XCBuildConfiguration;
			buildSettings = {
				ALWAYS_EMBED_SWIFT_STANDARD_LIBRARIES = YES;
				BUNDLE_LOADER = "$(TEST_HOST)";
				CODE_SIGN_STYLE = Automatic;
				CURRENT_PROJECT_VERSION = 1;
				DEVELOPMENT_TEAM = K6ATTQCYHQ;
				GENERATE_INFOPLIST_FILE = YES;
				IPHONEOS_DEPLOYMENT_TARGET = 15.0;
				LD_RUNPATH_SEARCH_PATHS = (
					"$(inherited)",
					"@executable_path/Frameworks",
					"@loader_path/Frameworks",
				);
				MARKETING_VERSION = 1.0;
				PRODUCT_BUNDLE_IDENTIFIER = nomanhmad.MyMoviesAppTests;
				PRODUCT_NAME = "$(TARGET_NAME)";
				SWIFT_EMIT_LOC_STRINGS = NO;
				SWIFT_VERSION = 5.0;
				TARGETED_DEVICE_FAMILY = "1,2";
				TEST_HOST = "$(BUILT_PRODUCTS_DIR)/MyMoviesApp.app/MyMoviesApp";
			};
			name = Release;
		};
		ED297EA72731BDBE00C3448D /* Debug */ = {
			isa = XCBuildConfiguration;
			buildSettings = {
				ALWAYS_EMBED_SWIFT_STANDARD_LIBRARIES = YES;
				CODE_SIGN_STYLE = Automatic;
				CURRENT_PROJECT_VERSION = 1;
				DEVELOPMENT_TEAM = K6ATTQCYHQ;
				GENERATE_INFOPLIST_FILE = YES;
				LD_RUNPATH_SEARCH_PATHS = (
					"$(inherited)",
					"@executable_path/Frameworks",
					"@loader_path/Frameworks",
				);
				MARKETING_VERSION = 1.0;
				PRODUCT_BUNDLE_IDENTIFIER = nomanhmad.MyMoviesAppUITests;
				PRODUCT_NAME = "$(TARGET_NAME)";
				SWIFT_EMIT_LOC_STRINGS = NO;
				SWIFT_VERSION = 5.0;
				TARGETED_DEVICE_FAMILY = "1,2";
				TEST_TARGET_NAME = MyMoviesApp;
			};
			name = Debug;
		};
		ED297EA82731BDBE00C3448D /* Release */ = {
			isa = XCBuildConfiguration;
			buildSettings = {
				ALWAYS_EMBED_SWIFT_STANDARD_LIBRARIES = YES;
				CODE_SIGN_STYLE = Automatic;
				CURRENT_PROJECT_VERSION = 1;
				DEVELOPMENT_TEAM = K6ATTQCYHQ;
				GENERATE_INFOPLIST_FILE = YES;
				LD_RUNPATH_SEARCH_PATHS = (
					"$(inherited)",
					"@executable_path/Frameworks",
					"@loader_path/Frameworks",
				);
				MARKETING_VERSION = 1.0;
				PRODUCT_BUNDLE_IDENTIFIER = nomanhmad.MyMoviesAppUITests;
				PRODUCT_NAME = "$(TARGET_NAME)";
				SWIFT_EMIT_LOC_STRINGS = NO;
				SWIFT_VERSION = 5.0;
				TARGETED_DEVICE_FAMILY = "1,2";
				TEST_TARGET_NAME = MyMoviesApp;
			};
			name = Release;
		};
/* End XCBuildConfiguration section */

/* Begin XCConfigurationList section */
		ED297E722731BDBC00C3448D /* Build configuration list for PBXProject "MyMoviesApp" */ = {
			isa = XCConfigurationList;
			buildConfigurations = (
				ED297E9E2731BDBE00C3448D /* Debug */,
				ED297E9F2731BDBE00C3448D /* Release */,
			);
			defaultConfigurationIsVisible = 0;
			defaultConfigurationName = Release;
		};
		ED297EA02731BDBE00C3448D /* Build configuration list for PBXNativeTarget "MyMoviesApp" */ = {
			isa = XCConfigurationList;
			buildConfigurations = (
				ED297EA12731BDBE00C3448D /* Debug */,
				ED297EA22731BDBE00C3448D /* Release */,
			);
			defaultConfigurationIsVisible = 0;
			defaultConfigurationName = Release;
		};
		ED297EA32731BDBE00C3448D /* Build configuration list for PBXNativeTarget "MyMoviesAppTests" */ = {
			isa = XCConfigurationList;
			buildConfigurations = (
				ED297EA42731BDBE00C3448D /* Debug */,
				ED297EA52731BDBE00C3448D /* Release */,
			);
			defaultConfigurationIsVisible = 0;
			defaultConfigurationName = Release;
		};
		ED297EA62731BDBE00C3448D /* Build configuration list for PBXNativeTarget "MyMoviesAppUITests" */ = {
			isa = XCConfigurationList;
			buildConfigurations = (
				ED297EA72731BDBE00C3448D /* Debug */,
				ED297EA82731BDBE00C3448D /* Release */,
			);
			defaultConfigurationIsVisible = 0;
			defaultConfigurationName = Release;
		};
/* End XCConfigurationList section */

/* Begin XCRemoteSwiftPackageReference section */
		EDFF852B2735C38B00CE1540 /* XCRemoteSwiftPackageReference "Kingfisher" */ = {
			isa = XCRemoteSwiftPackageReference;
			repositoryURL = "https://github.com/onevcat/Kingfisher";
			requirement = {
				kind = upToNextMajorVersion;
				minimumVersion = 7.0.0;
			};
		};
/* End XCRemoteSwiftPackageReference section */

/* Begin XCSwiftPackageProductDependency section */
		EDFF852C2735C38B00CE1540 /* Kingfisher */ = {
			isa = XCSwiftPackageProductDependency;
			package = EDFF852B2735C38B00CE1540 /* XCRemoteSwiftPackageReference "Kingfisher" */;
			productName = Kingfisher;
		};
/* End XCSwiftPackageProductDependency section */

/* Begin XCVersionGroup section */
		ED297E852731BDBD00C3448D /* MyMoviesApp.xcdatamodeld */ = {
			isa = XCVersionGroup;
			children = (
				ED297E862731BDBD00C3448D /* MyMoviesApp.xcdatamodel */,
			);
			currentVersion = ED297E862731BDBD00C3448D /* MyMoviesApp.xcdatamodel */;
			path = MyMoviesApp.xcdatamodeld;
			sourceTree = "<group>";
			versionGroupType = wrapper.xcdatamodel;
		};
/* End XCVersionGroup section */
	};
	rootObject = ED297E6F2731BDBC00C3448D /* Project object */;
}
